<?xml version="1.0" encoding="utf-8"?>
<Project ToolsVersion="4.0" xmlns="http://schemas.microsoft.com/developer/msbuild/2003">
  <ItemGroup>
    <Filter Include="Source Files">
      <UniqueIdentifier>{4FC737F1-C7A5-4376-A066-2A32D752A2FF}</UniqueIdentifier>
      <Extensions>cpp;c;cc;cxx;def;odl;idl;hpj;bat;asm;asmx</Extensions>
    </Filter>
    <Filter Include="Header Files">
      <UniqueIdentifier>{93995380-89BD-4b04-88EB-625FBE52EBFB}</UniqueIdentifier>
      <Extensions>h;hh;hpp;hxx;hm;inl;inc;ipp;xsd</Extensions>
    </Filter>
    <Filter Include="Resource Files">
      <UniqueIdentifier>{67DA6AB6-F800-4c08-8B7A-83BB121AAD01}</UniqueIdentifier>
      <Extensions>rc;ico;cur;bmp;dlg;rc2;rct;bin;rgs;gif;jpg;jpeg;jpe;resx;tiff;tif;png;wav;mfcribbon-ms</Extensions>
    </Filter>
    <Filter Include="Source Files\Animals">
      <UniqueIdentifier>{0d27fb4d-70ff-43f9-b434-3602cef15f0d}</UniqueIdentifier>
    </Filter>
    <Filter Include="Source Files\Plants">
      <UniqueIdentifier>{b5b66992-2b7b-4941-b933-eb65fab566af}</UniqueIdentifier>
    </Filter>
    <Filter Include="Header Files\Animals">
      <UniqueIdentifier>{f13ade8d-4090-452b-8653-8ef6a7e4332c}</UniqueIdentifier>
    </Filter>
    <Filter Include="Header Files\Plants">
      <UniqueIdentifier>{e3fe923c-b386-486a-a472-925abc40f448}</UniqueIdentifier>
    </Filter>
  </ItemGroup>
  <ItemGroup>
    <ClCompile Include="World.cpp">
      <Filter>Source Files</Filter>
    </ClCompile>
    <ClCompile Include="Organism.cpp">
      <Filter>Source Files</Filter>
    </ClCompile>
    <ClCompile Include="Main.cpp">
      <Filter>Source Files</Filter>
    </ClCompile>
    <ClCompile Include="App.cpp">
      <Filter>Source Files</Filter>
    </ClCompile>
    <ClCompile Include="MainFrame.cpp">
      <Filter>Source Files</Filter>
    </ClCompile>
    <ClCompile Include="Animals\Animal.cpp">
      <Filter>Source Files</Filter>
    </ClCompile>
    <ClCompile Include="Animals\Dog.cpp">
      <Filter>Source Files</Filter>
    </ClCompile>
    <ClCompile Include="Animals\Fox.cpp">
      <Filter>Source Files</Filter>
    </ClCompile>
    <ClCompile Include="Animals\Sheep.cpp">
      <Filter>Source Files</Filter>
    </ClCompile>
    <ClCompile Include="Animals\Sloth.cpp">
      <Filter>Source Files</Filter>
    </ClCompile>
    <ClCompile Include="Animals\Wolf.cpp">
      <Filter>Source Files</Filter>
    </ClCompile>
    <ClCompile Include="Plants\Coca.cpp">
      <Filter>Source Files</Filter>
    </ClCompile>
    <ClCompile Include="Plants\Grass.cpp">
      <Filter>Source Files</Filter>
    </ClCompile>
    <ClCompile Include="Plants\Guarana.cpp">
      <Filter>Source Files</Filter>
    </ClCompile>
    <ClCompile Include="Plants\Plant.cpp">
      <Filter>Source Files</Filter>
    </ClCompile>
  </ItemGroup>
  <ItemGroup>
    <ClInclude Include="World.h">
      <Filter>Header Files</Filter>
    </ClInclude>
    <ClInclude Include="Organism.h">
      <Filter>Header Files</Filter>
    </ClInclude>
    <ClInclude Include="App.h">
      <Filter>Header Files</Filter>
    </ClInclude>
    <ClInclude Include="MainFrame.h">
      <Filter>Header Files</Filter>
    </ClInclude>
    <ClInclude Include="Animals\Animal.h">
      <Filter>Header Files</Filter>
    </ClInclude>
    <ClInclude Include="Animals\Dog.h">
      <Filter>Header Files</Filter>
    </ClInclude>
    <ClInclude Include="Animals\Fox.h">
      <Filter>Header Files</Filter>
    </ClInclude>
    <ClInclude Include="Animals\Sheep.h">
      <Filter>Header Files</Filter>
    </ClInclude>
    <ClInclude Include="Animals\Sloth.h">
      <Filter>Header Files</Filter>
    </ClInclude>
    <ClInclude Include="Animals\Wolf.h">
      <Filter>Header Files</Filter>
    </ClInclude>
    <ClInclude Include="Plants\Coca.h">
      <Filter>Header Files</Filter>
    </ClInclude>
    <ClInclude Include="Plants\Grass.h">
      <Filter>Header Files</Filter>
    </ClInclude>
    <ClInclude Include="Plants\Guarana.h">
      <Filter>Header Files</Filter>
    </ClInclude>
    <ClInclude Include="Plants\Plant.h">
      <Filter>Header Files</Filter>
    </ClInclude>
  </ItemGroup>
  <ItemGroup>
    <Text Include="startSpawn.txt">
      <Filter>Source Files</Filter>
    </Text>
    <Text Include="save.txt">
      <Filter>Source Files</Filter>
    </Text>
  </ItemGroup>
</Project>